
Microsoft Visual Studio Solution File, Format Version 12.00
# Visual Studio Version 16
VisualStudioVersion = 16.0.30711.63
MinimumVisualStudioVersion = 10.0.40219.1
Project("{9A19103F-16F7-4668-BE54-9A1E7A4F7556}") = "ProyectoEmsula", "ProyectoEmsula\ProyectoEmsula.csproj", "{942ABD83-792F-45F4-9610-E5BDE13669A0}"
EndProject
Project("{FAE04EC0-301F-11D3-BF4B-00C04F79EFBC}") = "UnitTestGestion", "UnitTestGestion\UnitTestGestion.csproj", "{D0F40B48-2110-4E26-A483-B856809A1D60}"
EndProject
Global
	GlobalSection(SolutionConfigurationPlatforms) = preSolution
		Debug|Any CPU = Debug|Any CPU
		Release|Any CPU = Release|Any CPU
	EndGlobalSection
	GlobalSection(ProjectConfigurationPlatforms) = postSolution
		{942ABD83-792F-45F4-9610-E5BDE13669A0}.Debug|Any CPU.ActiveCfg = Debug|Any CPU
		{942ABD83-792F-45F4-9610-E5BDE13669A0}.Debug|Any CPU.Build.0 = Debug|Any CPU
		{942ABD83-792F-45F4-9610-E5BDE13669A0}.Release|Any CPU.ActiveCfg = Release|Any CPU
		{942ABD83-792F-45F4-9610-E5BDE13669A0}.Release|Any CPU.Build.0 = Release|Any CPU
		{D0F40B48-2110-4E26-A483-B856809A1D60}.Debug|Any CPU.ActiveCfg = Debug|Any CPU
		{D0F40B48-2110-4E26-A483-B856809A1D60}.Debug|Any CPU.Build.0 = Debug|Any CPU
		{D0F40B48-2110-4E26-A483-B856809A1D60}.Release|Any CPU.ActiveCfg = Release|Any CPU
		{D0F40B48-2110-4E26-A483-B856809A1D60}.Release|Any CPU.Build.0 = Release|Any CPU
	EndGlobalSection
	GlobalSection(SolutionProperties) = preSolution
		HideSolutionNode = FALSE
	EndGlobalSection
	GlobalSection(ExtensibilityGlobals) = postSolution
		SolutionGuid = {F03AD104-6C05-4CFE-BCAF-B73AC2FA332D}
	EndGlobalSection
EndGlobal
